// !$*UTF8*$!
{
	archiveVersion = 1;
	classes = {
	};
	objectVersion = 50;
	objects = {

/* Begin PBXBuildFile section */
		D0F030423653D5C47558DE0D /* Pods_SprintTimer.framework in Frameworks */ = {isa = PBXBuildFile; fileRef = F977352F788646ACB8DAB649 /* Pods_SprintTimer.framework */; };
		D54982F321C6F7C50047AF3D /* AppDelegate.swift in Sources */ = {isa = PBXBuildFile; fileRef = D54982F221C6F7C50047AF3D /* AppDelegate.swift */; };
		D54982F521C6F7C50047AF3D /* ViewController.swift in Sources */ = {isa = PBXBuildFile; fileRef = D54982F421C6F7C50047AF3D /* ViewController.swift */; };
		D54982F821C6F7C50047AF3D /* Main.storyboard in Resources */ = {isa = PBXBuildFile; fileRef = D54982F621C6F7C50047AF3D /* Main.storyboard */; };
		D54982FA21C6F7C60047AF3D /* Assets.xcassets in Resources */ = {isa = PBXBuildFile; fileRef = D54982F921C6F7C60047AF3D /* Assets.xcassets */; };
		D54982FD21C6F7C60047AF3D /* LaunchScreen.storyboard in Resources */ = {isa = PBXBuildFile; fileRef = D54982FB21C6F7C60047AF3D /* LaunchScreen.storyboard */; };
		D54D56D121CE926C004A6033 /* OpenCVWrapper.mm in Sources */ = {isa = PBXBuildFile; fileRef = D54D56D021CE926C004A6033 /* OpenCVWrapper.mm */; };
/* End PBXBuildFile section */

/* Begin PBXFileReference section */
		5D2034DC759021298CFAAD6C /* Pods-SprintTimer.release.xcconfig */ = {isa = PBXFileReference; includeInIndex = 1; lastKnownFileType = text.xcconfig; name = "Pods-SprintTimer.release.xcconfig"; path = "Pods/Target Support Files/Pods-SprintTimer/Pods-SprintTimer.release.xcconfig"; sourceTree = "<group>"; };
		8B973895D0481F6E493A1401 /* Pods-SprintTimer.debug.xcconfig */ = {isa = PBXFileReference; includeInIndex = 1; lastKnownFileType = text.xcconfig; name = "Pods-SprintTimer.debug.xcconfig"; path = "Pods/Target Support Files/Pods-SprintTimer/Pods-SprintTimer.debug.xcconfig"; sourceTree = "<group>"; };
		D54982EF21C6F7C50047AF3D /* SprintTimer.app */ = {isa = PBXFileReference; explicitFileType = wrapper.application; includeInIndex = 0; path = SprintTimer.app; sourceTree = BUILT_PRODUCTS_DIR; };
		D54982F221C6F7C50047AF3D /* AppDelegate.swift */ = {isa = PBXFileReference; lastKnownFileType = sourcecode.swift; path = AppDelegate.swift; sourceTree = "<group>"; };
		D54982F421C6F7C50047AF3D /* ViewController.swift */ = {isa = PBXFileReference; lastKnownFileType = sourcecode.swift; path = ViewController.swift; sourceTree = "<group>"; };
		D54982F721C6F7C50047AF3D /* Base */ = {isa = PBXFileReference; lastKnownFileType = file.storyboard; name = Base; path = Base.lproj/Main.storyboard; sourceTree = "<group>"; };
		D54982F921C6F7C60047AF3D /* Assets.xcassets */ = {isa = PBXFileReference; lastKnownFileType = folder.assetcatalog; path = Assets.xcassets; sourceTree = "<group>"; };
		D54982FC21C6F7C60047AF3D /* Base */ = {isa = PBXFileReference; lastKnownFileType = file.storyboard; name = Base; path = Base.lproj/LaunchScreen.storyboard; sourceTree = "<group>"; };
		D54982FE21C6F7C60047AF3D /* Info.plist */ = {isa = PBXFileReference; lastKnownFileType = text.plist.xml; path = Info.plist; sourceTree = "<group>"; };
		D54D56CC21CE910A004A6033 /* SprintTimer-Bridging-Header.h */ = {isa = PBXFileReference; lastKnownFileType = sourcecode.c.h; path = "SprintTimer-Bridging-Header.h"; sourceTree = "<group>"; };
		D54D56CF21CE924F004A6033 /* OpenCVWrapper.h */ = {isa = PBXFileReference; lastKnownFileType = sourcecode.c.h; path = OpenCVWrapper.h; sourceTree = "<group>"; };
		D54D56D021CE926C004A6033 /* OpenCVWrapper.mm */ = {isa = PBXFileReference; lastKnownFileType = sourcecode.cpp.objcpp; path = OpenCVWrapper.mm; sourceTree = "<group>"; };
		F977352F788646ACB8DAB649 /* Pods_SprintTimer.framework */ = {isa = PBXFileReference; explicitFileType = wrapper.framework; includeInIndex = 0; path = Pods_SprintTimer.framework; sourceTree = BUILT_PRODUCTS_DIR; };
/* End PBXFileReference section */

/* Begin PBXFrameworksBuildPhase section */
		D54982EC21C6F7C50047AF3D /* Frameworks */ = {
			isa = PBXFrameworksBuildPhase;
			buildActionMask = 2147483647;
			files = (
				D0F030423653D5C47558DE0D /* Pods_SprintTimer.framework in Frameworks */,
			);
			runOnlyForDeploymentPostprocessing = 0;
		};
/* End PBXFrameworksBuildPhase section */

/* Begin PBXGroup section */
		1E6DE11E44A3CEDB74CE204E /* Frameworks */ = {
			isa = PBXGroup;
			children = (
				F977352F788646ACB8DAB649 /* Pods_SprintTimer.framework */,
			);
			name = Frameworks;
			sourceTree = "<group>";
		};
		35A1100E4637842F92C861EC /* Pods */ = {
			isa = PBXGroup;
			children = (
				8B973895D0481F6E493A1401 /* Pods-SprintTimer.debug.xcconfig */,
				5D2034DC759021298CFAAD6C /* Pods-SprintTimer.release.xcconfig */,
			);
			name = Pods;
			sourceTree = "<group>";
		};
		D54982E621C6F7C50047AF3D = {
			isa = PBXGroup;
			children = (
				D54982F121C6F7C50047AF3D /* SprintTimer */,
				D54982F021C6F7C50047AF3D /* Products */,
				35A1100E4637842F92C861EC /* Pods */,
				1E6DE11E44A3CEDB74CE204E /* Frameworks */,
			);
			sourceTree = "<group>";
		};
		D54982F021C6F7C50047AF3D /* Products */ = {
			isa = PBXGroup;
			children = (
				D54982EF21C6F7C50047AF3D /* SprintTimer.app */,
			);
			name = Products;
			sourceTree = "<group>";
		};
		D54982F121C6F7C50047AF3D /* SprintTimer */ = {
			isa = PBXGroup;
			children = (
				D54982F221C6F7C50047AF3D /* AppDelegate.swift */,
				D54982F421C6F7C50047AF3D /* ViewController.swift */,
				D54982F621C6F7C50047AF3D /* Main.storyboard */,
				D54982F921C6F7C60047AF3D /* Assets.xcassets */,
				D54982FB21C6F7C60047AF3D /* LaunchScreen.storyboard */,
				D54982FE21C6F7C60047AF3D /* Info.plist */,
				D54D56CC21CE910A004A6033 /* SprintTimer-Bridging-Header.h */,
				D54D56CF21CE924F004A6033 /* OpenCVWrapper.h */,
				D54D56D021CE926C004A6033 /* OpenCVWrapper.mm */,
			);
			path = SprintTimer;
			sourceTree = "<group>";
		};
/* End PBXGroup section */

/* Begin PBXNativeTarget section */
		D54982EE21C6F7C50047AF3D /* SprintTimer */ = {
			isa = PBXNativeTarget;
			buildConfigurationList = D549830121C6F7C60047AF3D /* Build configuration list for PBXNativeTarget "SprintTimer" */;
			buildPhases = (
				31DC13CF3EA20DE2BFBF3E55 /* [CP] Check Pods Manifest.lock */,
				D54982EB21C6F7C50047AF3D /* Sources */,
				D54982EC21C6F7C50047AF3D /* Frameworks */,
				D54982ED21C6F7C50047AF3D /* Resources */,
			);
			buildRules = (
			);
			dependencies = (
			);
			name = SprintTimer;
			productName = SprintTimer;
			productReference = D54982EF21C6F7C50047AF3D /* SprintTimer.app */;
			productType = "com.apple.product-type.application";
		};
/* End PBXNativeTarget section */

/* Begin PBXProject section */
		D54982E721C6F7C50047AF3D /* Project object */ = {
			isa = PBXProject;
			attributes = {
				LastSwiftUpdateCheck = 1010;
				LastUpgradeCheck = 1010;
				ORGANIZATIONNAME = "Xi Xia";
				TargetAttributes = {
					D54982EE21C6F7C50047AF3D = {
						CreatedOnToolsVersion = 10.1;
						LastSwiftMigration = 1010;
					};
				};
			};
			buildConfigurationList = D54982EA21C6F7C50047AF3D /* Build configuration list for PBXProject "SprintTimer" */;
			compatibilityVersion = "Xcode 9.3";
			developmentRegion = en;
			hasScannedForEncodings = 0;
			knownRegions = (
				en,
				Base,
			);
			mainGroup = D54982E621C6F7C50047AF3D;
			productRefGroup = D54982F021C6F7C50047AF3D /* Products */;
			projectDirPath = "";
			projectRoot = "";
			targets = (
				D54982EE21C6F7C50047AF3D /* SprintTimer */,
			);
		};
/* End PBXProject section */

/* Begin PBXResourcesBuildPhase section */
		D54982ED21C6F7C50047AF3D /* Resources */ = {
			isa = PBXResourcesBuildPhase;
			buildActionMask = 2147483647;
			files = (
				D54982FD21C6F7C60047AF3D /* LaunchScreen.storyboard in Resources */,
				D54982FA21C6F7C60047AF3D /* Assets.xcassets in Resources */,
				D54982F821C6F7C50047AF3D /* Main.storyboard in Resources */,
			);
			runOnlyForDeploymentPostprocessing = 0;
		};
/* End PBXResourcesBuildPhase section */

/* Begin PBXShellScriptBuildPhase section */
		31DC13CF3EA20DE2BFBF3E55 /* [CP] Check Pods Manifest.lock */ = {
			isa = PBXShellScriptBuildPhase;
			buildActionMask = 2147483647;
			files = (
			);
			inputPaths = (
				"${PODS_PODFILE_DIR_PATH}/Podfile.lock",
				"${PODS_ROOT}/Manifest.lock",
			);
			name = "[CP] Check Pods Manifest.lock";
			outputPaths = (
				"$(DERIVED_FILE_DIR)/Pods-SprintTimer-checkManifestLockResult.txt",
			);
			runOnlyForDeploymentPostprocessing = 0;
			shellPath = /bin/sh;
			shellScript = "diff \"${PODS_PODFILE_DIR_PATH}/Podfile.lock\" \"${PODS_ROOT}/Manifest.lock\" > /dev/null\nif [ $? != 0 ] ; then\n    # print error to STDERR\n    echo \"error: The sandbox is not in sync with the Podfile.lock. Run 'pod install' or update your CocoaPods installation.\" >&2\n    exit 1\nfi\n# This output is used by Xcode 'outputs' to avoid re-running this script phase.\necho \"SUCCESS\" > \"${SCRIPT_OUTPUT_FILE_0}\"\n";
			showEnvVarsInLog = 0;
		};
/* End PBXShellScriptBuildPhase section */

/* Begin PBXSourcesBuildPhase section */
		D54982EB21C6F7C50047AF3D /* Sources */ = {
			isa = PBXSourcesBuildPhase;
			buildActionMask = 2147483647;
			files = (
				D54982F521C6F7C50047AF3D /* ViewController.swift in Sources */,
				D54982F321C6F7C50047AF3D /* AppDelegate.swift in Sources */,
				D54D56D121CE926C004A6033 /* OpenCVWrapper.mm in Sources */,
			);
			runOnlyForDeploymentPostprocessing = 0;
		};
/* End PBXSourcesBuildPhase section */

/* Begin PBXVariantGroup section */
		D54982F621C6F7C50047AF3D /* Main.storyboard */ = {
			isa = PBXVariantGroup;
			children = (
				D54982F721C6F7C50047AF3D /* Base */,
			);
			name = Main.storyboard;
			sourceTree = "<group>";
		};
		D54982FB21C6F7C60047AF3D /* LaunchScreen.storyboard */ = {
			isa = PBXVariantGroup;
			children = (
				D54982FC21C6F7C60047AF3D /* Base */,
			);
			name = LaunchScreen.storyboard;
			sourceTree = "<group>";
		};
/* End PBXVariantGroup section */

/* Begin XCBuildConfiguration section */
		D54982FF21C6F7C60047AF3D /* Debug */ = {
			isa = XCBuildConfiguration;
			buildSettings = {
				ALWAYS_SEARCH_USER_PATHS = NO;
				CLANG_ANALYZER_NONNULL = YES;
				CLANG_ANALYZER_NUMBER_OBJECT_CONVERSION = YES_AGGRESSIVE;
				CLANG_CXX_LANGUAGE_STANDARD = "gnu++14";
				CLANG_CXX_LIBRARY = "libc++";
				CLANG_ENABLE_MODULES = YES;
				CLANG_ENABLE_OBJC_ARC = YES;
				CLANG_ENABLE_OBJC_WEAK = YES;
				CLANG_WARN_BLOCK_CAPTURE_AUTORELEASING = YES;
				CLANG_WARN_BOOL_CONVERSION = YES;
				CLANG_WARN_COMMA = YES;
				CLANG_WARN_CONSTANT_CONVERSION = YES;
				CLANG_WARN_DEPRECATED_OBJC_IMPLEMENTATIONS = YES;
				CLANG_WARN_DIRECT_OBJC_ISA_USAGE = YES_ERROR;
				CLANG_WARN_DOCUMENTATION_COMMENTS = YES;
				CLANG_WARN_EMPTY_BODY = YES;
				CLANG_WARN_ENUM_CONVERSION = YES;
				CLANG_WARN_INFINITE_RECURSION = YES;
				CLANG_WARN_INT_CONVERSION = YES;
				CLANG_WARN_NON_LITERAL_NULL_CONVERSION = YES;
				CLANG_WARN_OBJC_IMPLICIT_RETAIN_SELF = YES;
				CLANG_WARN_OBJC_LITERAL_CONVERSION = YES;
				CLANG_WARN_OBJC_ROOT_CLASS = YES_ERROR;
				CLANG_WARN_RANGE_LOOP_ANALYSIS = YES;
				CLANG_WARN_STRICT_PROTOTYPES = YES;
				CLANG_WARN_SUSPICIOUS_MOVE = YES;
				CLANG_WARN_UNGUARDED_AVAILABILITY = YES_AGGRESSIVE;
				CLANG_WARN_UNREACHABLE_CODE = YES;
				CLANG_WARN__DUPLICATE_METHOD_MATCH = YES;
				CODE_SIGN_IDENTITY = "iPhone Developer";
				COPY_PHASE_STRIP = NO;
				DEBUG_INFORMATION_FORMAT = dwarf;
				ENABLE_STRICT_OBJC_MSGSEND = YES;
				ENABLE_TESTABILITY = YES;
				GCC_C_LANGUAGE_STANDARD = gnu11;
				GCC_DYNAMIC_NO_PIC = NO;
				GCC_NO_COMMON_BLOCKS = YES;
				GCC_OPTIMIZATION_LEVEL = 0;
				GCC_PREPROCESSOR_DEFINITIONS = (
					"DEBUG=1",
					"$(inherited)",
				);
				GCC_WARN_64_TO_32_BIT_CONVERSION = YES;
				GCC_WARN_ABOUT_RETURN_TYPE = YES_ERROR;
				GCC_WARN_UNDECLARED_SELECTOR = YES;
				GCC_WARN_UNINITIALIZED_AUTOS = YES_AGGRESSIVE;
				GCC_WARN_UNUSED_FUNCTION = YES;
				GCC_WARN_UNUSED_VARIABLE = YES;
				IPHONEOS_DEPLOYMENT_TARGET = 12.1;
				MTL_ENABLE_DEBUG_INFO = INCLUDE_SOURCE;
				MTL_FAST_MATH = YES;
				ONLY_ACTIVE_ARCH = YES;
				SDKROOT = iphoneos;
				SWIFT_ACTIVE_COMPILATION_CONDITIONS = DEBUG;
				SWIFT_OPTIMIZATION_LEVEL = "-Onone";
			};
			name = Debug;
		};
		D549830021C6F7C60047AF3D /* Release */ = {
			isa = XCBuildConfiguration;
			buildSettings = {
				ALWAYS_SEARCH_USER_PATHS = NO;
				CLANG_ANALYZER_NONNULL = YES;
				CLANG_ANALYZER_NUMBER_OBJECT_CONVERSION = YES_AGGRESSIVE;
				CLANG_CXX_LANGUAGE_STANDARD = "gnu++14";
				CLANG_CXX_LIBRARY = "libc++";
				CLANG_ENABLE_MODULES = YES;
				CLANG_ENABLE_OBJC_ARC = YES;
				CLANG_ENABLE_OBJC_WEAK = YES;
				CLANG_WARN_BLOCK_CAPTURE_AUTORELEASING = YES;
				CLANG_WARN_BOOL_CONVERSION = YES;
				CLANG_WARN_COMMA = YES;
				CLANG_WARN_CONSTANT_CONVERSION = YES;
				CLANG_WARN_DEPRECATED_OBJC_IMPLEMENTATIONS = YES;
				CLANG_WARN_DIRECT_OBJC_ISA_USAGE = YES_ERROR;
				CLANG_WARN_DOCUMENTATION_COMMENTS = YES;
				CLANG_WARN_EMPTY_BODY = YES;
				CLANG_WARN_ENUM_CONVERSION = YES;
				CLANG_WARN_INFINITE_RECURSION = YES;
				CLANG_WARN_INT_CONVERSION = YES;
				CLANG_WARN_NON_LITERAL_NULL_CONVERSION = YES;
				CLANG_WARN_OBJC_IMPLICIT_RETAIN_SELF = YES;
				CLANG_WARN_OBJC_LITERAL_CONVERSION = YES;
				CLANG_WARN_OBJC_ROOT_CLASS = YES_ERROR;
				CLANG_WARN_RANGE_LOOP_ANALYSIS = YES;
				CLANG_WARN_STRICT_PROTOTYPES = YES;
				CLANG_WARN_SUSPICIOUS_MOVE = YES;
				CLANG_WARN_UNGUARDED_AVAILABILITY = YES_AGGRESSIVE;
				CLANG_WARN_UNREACHABLE_CODE = YES;
				CLANG_WARN__DUPLICATE_METHOD_MATCH = YES;
				CODE_SIGN_IDENTITY = "iPhone Developer";
				COPY_PHASE_STRIP = NO;
				DEBUG_INFORMATION_FORMAT = "dwarf-with-dsym";
				ENABLE_NS_ASSERTIONS = NO;
				ENABLE_STRICT_OBJC_MSGSEND = YES;
				GCC_C_LANGUAGE_STANDARD = gnu11;
				GCC_NO_COMMON_BLOCKS = YES;
				GCC_WARN_64_TO_32_BIT_CONVERSION = YES;
				GCC_WARN_ABOUT_RETURN_TYPE = YES_ERROR;
				GCC_WARN_UNDECLARED_SELECTOR = YES;
				GCC_WARN_UNINITIALIZED_AUTOS = YES_AGGRESSIVE;
				GCC_WARN_UNUSED_FUNCTION = YES;
				GCC_WARN_UNUSED_VARIABLE = YES;
				IPHONEOS_DEPLOYMENT_TARGET = 12.1;
				MTL_ENABLE_DEBUG_INFO = NO;
				MTL_FAST_MATH = YES;
				SDKROOT = iphoneos;
				SWIFT_COMPILATION_MODE = wholemodule;
				SWIFT_OPTIMIZATION_LEVEL = "-O";
				VALIDATE_PRODUCT = YES;
			};
			name = Release;
		};
		D549830221C6F7C60047AF3D /* Debug */ = {
			isa = XCBuildConfiguration;
			baseConfigurationReference = 8B973895D0481F6E493A1401 /* Pods-SprintTimer.debug.xcconfig */;
			buildSettings = {
				ASSETCATALOG_COMPILER_APPICON_NAME = AppIcon;
				CLANG_ENABLE_MODULES = YES;
				CODE_SIGN_STYLE = Automatic;
				DEVELOPMENT_TEAM = VS55F6A5P3;
				INFOPLIST_FILE = SprintTimer/Info.plist;
				LD_RUNPATH_SEARCH_PATHS = (
					"$(inherited)",
					"@executable_path/Frameworks",
				);
				PRODUCT_BUNDLE_IDENTIFIER = com.xixia.SprintTimer;
				PRODUCT_NAME = "$(TARGET_NAME)";
				SWIFT_OBJC_BRIDGING_HEADER = "SprintTimer/SprintTimer-Bridging-Header.h";
				SWIFT_OPTIMIZATION_LEVEL = "-Onone";
				SWIFT_VERSION = 4.2;
				TARGETED_DEVICE_FAMILY = "1,2";
			};
			name = Debug;
		};
		D549830321C6F7C60047AF3D /* Release */ = {
			isa = XCBuildConfiguration;
			baseConfigurationReference = 5D2034DC759021298CFAAD6C /* Pods-SprintTimer.release.xcconfig */;
			buildSettings = {
				ASSETCATALOG_COMPILER_APPICON_NAME = AppIcon;
				CLANG_ENABLE_MODULES = YES;
				CODE_SIGN_STYLE = Automatic;
				DEVELOPMENT_TEAM = VS55F6A5P3;
				INFOPLIST_FILE = SprintTimer/Info.plist;
				LD_RUNPATH_SEARCH_PATHS = (
					"$(inherited)",
					"@executable_path/Frameworks",
				);
				PRODUCT_BUNDLE_IDENTIFIER = com.xixia.SprintTimer;
				PRODUCT_NAME = "$(TARGET_NAME)";
				SWIFT_OBJC_BRIDGING_HEADER = "SprintTimer/SprintTimer-Bridging-Header.h";
				SWIFT_VERSION = 4.2;
				TARGETED_DEVICE_FAMILY = "1,2";
			};
			name = Release;
		};
/* End XCBuildConfiguration section */

/* Begin XCConfigurationList section */
		D54982EA21C6F7C50047AF3D /* Build configuration list for PBXProject "SprintTimer" */ = {
			isa = XCConfigurationList;
			buildConfigurations = (
				D54982FF21C6F7C60047AF3D /* Debug */,
				D549830021C6F7C60047AF3D /* Release */,
			);
			defaultConfigurationIsVisible = 0;
			defaultConfigurationName = Release;
		};
		D549830121C6F7C60047AF3D /* Build configuration list for PBXNativeTarget "SprintTimer" */ = {
			isa = XCConfigurationList;
			buildConfigurations = (
				D549830221C6F7C60047AF3D /* Debug */,
				D549830321C6F7C60047AF3D /* Release */,
			);
			defaultConfigurationIsVisible = 0;
			defaultConfigurationName = Release;
		};
/* End XCConfigurationList section */
	};
	rootObject = D54982E721C6F7C50047AF3D /* Project object */;
}
